
Microsoft Visual Studio Solution File, Format Version 12.00
# Visual Studio 15
VisualStudioVersion = 15.0.28307.1340
MinimumVisualStudioVersion = 10.0.40219.1
Project("{F184B08F-C81C-45F6-A57F-5ABD9991F28F}") = "AppAxies", "AppAxies\AppAxies.vbproj", "{266CF560-DCD6-4DE2-A576-AE81FF92385A}"
EndProject
Global
	GlobalSection(SolutionConfigurationPlatforms) = preSolution
		Debug|Any CPU = Debug|Any CPU
		Release|Any CPU = Release|Any CPU
	EndGlobalSection
	GlobalSection(ProjectConfigurationPlatforms) = postSolution
		{266CF560-DCD6-4DE2-A576-AE81FF92385A}.Debug|Any CPU.ActiveCfg = Debug|Any CPU
		{266CF560-DCD6-4DE2-A576-AE81FF92385A}.Debug|Any CPU.Build.0 = Debug|Any CPU
		{266CF560-DCD6-4DE2-A576-AE81FF92385A}.Release|Any CPU.ActiveCfg = Release|Any CPU
		{266CF560-DCD6-4DE2-A576-AE81FF92385A}.Release|Any CPU.Build.0 = Release|Any CPU
	EndGlobalSection
	GlobalSection(SolutionProperties) = preSolution
		HideSolutionNode = FALSE
	EndGlobalSection
	GlobalSection(ExtensibilityGlobals) = postSolution
		SolutionGuid = {A7189A29-3907-48B8-95EB-4F627D04748A}
	EndGlobalSection
EndGlobal
